
Microsoft Visual Studio Solution File, Format Version 12.00
# Visual Studio Version 16
VisualStudioVersion = 16.0.31112.23
MinimumVisualStudioVersion = 10.0.40219.1
Project("{FAE04EC0-301F-11D3-BF4B-00C04F79EFBC}") = "BInaryTree", "BInaryTree.csproj", "{77F11B13-BF5A-4385-95E8-D8EEC893F1F8}"
EndProject
Global
	GlobalSection(SolutionConfigurationPlatforms) = preSolution
		Debug|Any CPU = Debug|Any CPU
		Release|Any CPU = Release|Any CPU
	EndGlobalSection
	GlobalSection(ProjectConfigurationPlatforms) = postSolution
		{77F11B13-BF5A-4385-95E8-D8EEC893F1F8}.Debug|Any CPU.ActiveCfg = Debug|Any CPU
		{77F11B13-BF5A-4385-95E8-D8EEC893F1F8}.Debug|Any CPU.Build.0 = Debug|Any CPU
		{77F11B13-BF5A-4385-95E8-D8EEC893F1F8}.Release|Any CPU.ActiveCfg = Release|Any CPU
		{77F11B13-BF5A-4385-95E8-D8EEC893F1F8}.Release|Any CPU.Build.0 = Release|Any CPU
	EndGlobalSection
	GlobalSection(SolutionProperties) = preSolution
		HideSolutionNode = FALSE
	EndGlobalSection
	GlobalSection(ExtensibilityGlobals) = postSolution
		SolutionGuid = {F0BAA54F-2D3A-4C1F-A79C-C53F1445BBA3}
	EndGlobalSection
EndGlobal
